
Microsoft Visual Studio Solution File, Format Version 12.00
# Visual Studio Version 16
VisualStudioVersion = 16.0.31424.327
MinimumVisualStudioVersion = 10.0.40219.1
Project("{FAE04EC0-301F-11D3-BF4B-00C04F79EFBC}") = "inspection_tool", "inspection_tool\inspection_tool.csproj", "{5EF19FD7-C3DF-47FE-97A4-3713F9D53C9B}"
EndProject
Global
	GlobalSection(SolutionConfigurationPlatforms) = preSolution
		Debug|Any CPU = Debug|Any CPU
		Release|Any CPU = Release|Any CPU
	EndGlobalSection
	GlobalSection(ProjectConfigurationPlatforms) = postSolution
		{5EF19FD7-C3DF-47FE-97A4-3713F9D53C9B}.Debug|Any CPU.ActiveCfg = Debug|Any CPU
		{5EF19FD7-C3DF-47FE-97A4-3713F9D53C9B}.Debug|Any CPU.Build.0 = Debug|Any CPU
		{5EF19FD7-C3DF-47FE-97A4-3713F9D53C9B}.Release|Any CPU.ActiveCfg = Release|Any CPU
		{5EF19FD7-C3DF-47FE-97A4-3713F9D53C9B}.Release|Any CPU.Build.0 = Release|Any CPU
	EndGlobalSection
	GlobalSection(SolutionProperties) = preSolution
		HideSolutionNode = FALSE
	EndGlobalSection
	GlobalSection(ExtensibilityGlobals) = postSolution
		SolutionGuid = {701F7D40-3563-4B14-9CA8-BB20E43C11AE}
	EndGlobalSection
EndGlobal
